# THIS IS AN AUTOGENERATED FILE. DO NOT EDIT THIS FILE DIRECTLY.
# yarn lockfile v1


"@esbuild/aix-ppc64@0.21.5":
  version "0.21.5"
  resolved "https://registry.yarnpkg.com/@esbuild/aix-ppc64/-/aix-ppc64-0.21.5.tgz#c7184a326533fcdf1b8ee0733e21c713b975575f"
  integrity sha512-1SDgH6ZSPTlggy1yI6+Dbkiz8xzpHJEVAlF/AM1tHPLsf5STom9rwtjE4hKAF20FfXXNTFqEYXyJNWh1GiZedQ==

"@esbuild/android-arm64@0.21.5":
  version "0.21.5"
  resolved "https://registry.yarnpkg.com/@esbuild/android-arm64/-/android-arm64-0.21.5.tgz#09d9b4357780da9ea3a7dfb833a1f1ff439b4052"
  integrity sha512-c0uX9VAUBQ7dTDCjq+wdyGLowMdtR/GoC2U5IYk/7D1H1JYC0qseD7+11iMP2mRLN9RcCMRcjC4YMclCzGwS/A==

"@esbuild/android-arm@0.21.5":
  version "0.21.5"
  resolved "https://registry.yarnpkg.com/@esbuild/android-arm/-/android-arm-0.21.5.tgz#9b04384fb771926dfa6d7ad04324ecb2ab9b2e28"
  integrity sha512-vCPvzSjpPHEi1siZdlvAlsPxXl7WbOVUBBAowWug4rJHb68Ox8KualB+1ocNvT5fjv6wpkX6o/iEpbDrf68zcg==

"@esbuild/android-x64@0.21.5":
  version "0.21.5"
  resolved "https://registry.yarnpkg.com/@esbuild/android-x64/-/android-x64-0.21.5.tgz#29918ec2db754cedcb6c1b04de8cd6547af6461e"
  integrity sha512-D7aPRUUNHRBwHxzxRvp856rjUHRFW1SdQATKXH2hqA0kAZb1hKmi02OpYRacl0TxIGz/ZmXWlbZgjwWYaCakTA==

"@esbuild/darwin-arm64@0.21.5":
  version "0.21.5"
  resolved "https://registry.yarnpkg.com/@esbuild/darwin-arm64/-/darwin-arm64-0.21.5.tgz#e495b539660e51690f3928af50a76fb0a6ccff2a"
  integrity sha512-DwqXqZyuk5AiWWf3UfLiRDJ5EDd49zg6O9wclZ7kUMv2WRFr4HKjXp/5t8JZ11QbQfUS6/cRCKGwYhtNAY88kQ==

"@esbuild/darwin-x64@0.21.5":
  version "0.21.5"
  resolved "https://registry.yarnpkg.com/@esbuild/darwin-x64/-/darwin-x64-0.21.5.tgz#c13838fa57372839abdddc91d71542ceea2e1e22"
  integrity sha512-se/JjF8NlmKVG4kNIuyWMV/22ZaerB+qaSi5MdrXtd6R08kvs2qCN4C09miupktDitvh8jRFflwGFBQcxZRjbw==

"@esbuild/freebsd-arm64@0.21.5":
  version "0.21.5"
  resolved "https://registry.yarnpkg.com/@esbuild/freebsd-arm64/-/freebsd-arm64-0.21.5.tgz#646b989aa20bf89fd071dd5dbfad69a3542e550e"
  integrity sha512-5JcRxxRDUJLX8JXp/wcBCy3pENnCgBR9bN6JsY4OmhfUtIHe3ZW0mawA7+RDAcMLrMIZaf03NlQiX9DGyB8h4g==

"@esbuild/freebsd-x64@0.21.5":
  version "0.21.5"
  resolved "https://registry.yarnpkg.com/@esbuild/freebsd-x64/-/freebsd-x64-0.21.5.tgz#aa615cfc80af954d3458906e38ca22c18cf5c261"
  integrity sha512-J95kNBj1zkbMXtHVH29bBriQygMXqoVQOQYA+ISs0/2l3T9/kj42ow2mpqerRBxDJnmkUDCaQT/dfNXWX/ZZCQ==

"@esbuild/linux-arm64@0.21.5":
  version "0.21.5"
  resolved "https://registry.yarnpkg.com/@esbuild/linux-arm64/-/linux-arm64-0.21.5.tgz#70ac6fa14f5cb7e1f7f887bcffb680ad09922b5b"
  integrity sha512-ibKvmyYzKsBeX8d8I7MH/TMfWDXBF3db4qM6sy+7re0YXya+K1cem3on9XgdT2EQGMu4hQyZhan7TeQ8XkGp4Q==

"@esbuild/linux-arm@0.21.5":
  version "0.21.5"
  resolved "https://registry.yarnpkg.com/@esbuild/linux-arm/-/linux-arm-0.21.5.tgz#fc6fd11a8aca56c1f6f3894f2bea0479f8f626b9"
  integrity sha512-bPb5AHZtbeNGjCKVZ9UGqGwo8EUu4cLq68E95A53KlxAPRmUyYv2D6F0uUI65XisGOL1hBP5mTronbgo+0bFcA==

"@esbuild/linux-ia32@0.21.5":
  version "0.21.5"
  resolved "https://registry.yarnpkg.com/@esbuild/linux-ia32/-/linux-ia32-0.21.5.tgz#3271f53b3f93e3d093d518d1649d6d68d346ede2"
  integrity sha512-YvjXDqLRqPDl2dvRODYmmhz4rPeVKYvppfGYKSNGdyZkA01046pLWyRKKI3ax8fbJoK5QbxblURkwK/MWY18Tg==

"@esbuild/linux-loong64@0.21.5":
  version "0.21.5"
  resolved "https://registry.yarnpkg.com/@esbuild/linux-loong64/-/linux-loong64-0.21.5.tgz#ed62e04238c57026aea831c5a130b73c0f9f26df"
  integrity sha512-uHf1BmMG8qEvzdrzAqg2SIG/02+4/DHB6a9Kbya0XDvwDEKCoC8ZRWI5JJvNdUjtciBGFQ5PuBlpEOXQj+JQSg==

"@esbuild/linux-mips64el@0.21.5":
  version "0.21.5"
  resolved "https://registry.yarnpkg.com/@esbuild/linux-mips64el/-/linux-mips64el-0.21.5.tgz#e79b8eb48bf3b106fadec1ac8240fb97b4e64cbe"
  integrity sha512-IajOmO+KJK23bj52dFSNCMsz1QP1DqM6cwLUv3W1QwyxkyIWecfafnI555fvSGqEKwjMXVLokcV5ygHW5b3Jbg==

"@esbuild/linux-ppc64@0.21.5":
  version "0.21.5"
  resolved "https://registry.yarnpkg.com/@esbuild/linux-ppc64/-/linux-ppc64-0.21.5.tgz#5f2203860a143b9919d383ef7573521fb154c3e4"
  integrity sha512-1hHV/Z4OEfMwpLO8rp7CvlhBDnjsC3CttJXIhBi+5Aj5r+MBvy4egg7wCbe//hSsT+RvDAG7s81tAvpL2XAE4w==

"@esbuild/linux-riscv64@0.21.5":
  version "0.21.5"
  resolved "https://registry.yarnpkg.com/@esbuild/linux-riscv64/-/linux-riscv64-0.21.5.tgz#07bcafd99322d5af62f618cb9e6a9b7f4bb825dc"
  integrity sha512-2HdXDMd9GMgTGrPWnJzP2ALSokE/0O5HhTUvWIbD3YdjME8JwvSCnNGBnTThKGEB91OZhzrJ4qIIxk/SBmyDDA==

"@esbuild/linux-s390x@0.21.5":
  version "0.21.5"
  resolved "https://registry.yarnpkg.com/@esbuild/linux-s390x/-/linux-s390x-0.21.5.tgz#b7ccf686751d6a3e44b8627ababc8be3ef62d8de"
  integrity sha512-zus5sxzqBJD3eXxwvjN1yQkRepANgxE9lgOW2qLnmr8ikMTphkjgXu1HR01K4FJg8h1kEEDAqDcZQtbrRnB41A==

"@esbuild/linux-x64@0.21.5":
  version "0.21.5"
  resolved "https://registry.yarnpkg.com/@esbuild/linux-x64/-/linux-x64-0.21.5.tgz#6d8f0c768e070e64309af8004bb94e68ab2bb3b0"
  integrity sha512-1rYdTpyv03iycF1+BhzrzQJCdOuAOtaqHTWJZCWvijKD2N5Xu0TtVC8/+1faWqcP9iBCWOmjmhoH94dH82BxPQ==

"@esbuild/netbsd-x64@0.21.5":
  version "0.21.5"
  resolved "https://registry.yarnpkg.com/@esbuild/netbsd-x64/-/netbsd-x64-0.21.5.tgz#bbe430f60d378ecb88decb219c602667387a6047"
  integrity sha512-Woi2MXzXjMULccIwMnLciyZH4nCIMpWQAs049KEeMvOcNADVxo0UBIQPfSmxB3CWKedngg7sWZdLvLczpe0tLg==

"@esbuild/openbsd-x64@0.21.5":
  version "0.21.5"
  resolved "https://registry.yarnpkg.com/@esbuild/openbsd-x64/-/openbsd-x64-0.21.5.tgz#99d1cf2937279560d2104821f5ccce220cb2af70"
  integrity sha512-HLNNw99xsvx12lFBUwoT8EVCsSvRNDVxNpjZ7bPn947b8gJPzeHWyNVhFsaerc0n3TsbOINvRP2byTZ5LKezow==

"@esbuild/sunos-x64@0.21.5":
  version "0.21.5"
  resolved "https://registry.yarnpkg.com/@esbuild/sunos-x64/-/sunos-x64-0.21.5.tgz#08741512c10d529566baba837b4fe052c8f3487b"
  integrity sha512-6+gjmFpfy0BHU5Tpptkuh8+uw3mnrvgs+dSPQXQOv3ekbordwnzTVEb4qnIvQcYXq6gzkyTnoZ9dZG+D4garKg==

"@esbuild/win32-arm64@0.21.5":
  version "0.21.5"
  resolved "https://registry.yarnpkg.com/@esbuild/win32-arm64/-/win32-arm64-0.21.5.tgz#675b7385398411240735016144ab2e99a60fc75d"
  integrity sha512-Z0gOTd75VvXqyq7nsl93zwahcTROgqvuAcYDUr+vOv8uHhNSKROyU961kgtCD1e95IqPKSQKH7tBTslnS3tA8A==

"@esbuild/win32-ia32@0.21.5":
  version "0.21.5"
  resolved "https://registry.yarnpkg.com/@esbuild/win32-ia32/-/win32-ia32-0.21.5.tgz#1bfc3ce98aa6ca9a0969e4d2af72144c59c1193b"
  integrity sha512-SWXFF1CL2RVNMaVs+BBClwtfZSvDgtL//G/smwAc5oVK/UPu2Gu9tIaRgFmYFFKrmg3SyAjSrElf0TiJ1v8fYA==

"@esbuild/win32-x64@0.21.5":
  version "0.21.5"
  resolved "https://registry.yarnpkg.com/@esbuild/win32-x64/-/win32-x64-0.21.5.tgz#acad351d582d157bb145535db2a6ff53dd514b5c"
  integrity sha512-tQd/1efJuzPC6rCFwEvLtci/xNFcTZknmXs98FYDfGE4wP9ClFV98nyKrzJKVPMhdDnjzLhdUyMX4PsQAPjwIw==

"@myriaddreamin/typst-ts-renderer@0.5.0-rc7":
  version "0.5.0-rc7"
  resolved "https://registry.yarnpkg.com/@myriaddreamin/typst-ts-renderer/-/typst-ts-renderer-0.5.0-rc7.tgz#eb3a816b6159f5607c54ece3b5cc2351b4934eb0"
  integrity sha512-QavrR0TnkCh31bS+Rk54Uf13MOI703LmDwaizikQ99BfHorUikCpkPm8IxUFHXqM3NEbkcSeKUPDHC+NS03P7g==

"@myriaddreamin/typst.ts@0.5.0-rc7":
  version "0.5.0-rc7"
  resolved "https://registry.yarnpkg.com/@myriaddreamin/typst.ts/-/typst.ts-0.5.0-rc7.tgz#76c327998c0bfffb4a04960aaf35ceb448f98060"
  integrity sha512-4Oc8zUb2reQ5wbtn+YnPzSpOAe0dE+To7d1YzLTCy8VVtxM8hBoKmWKZPJUiW0NW7E0rpwvnvXeRrhvPG6LxRg==
  dependencies:
    idb "^7.1.1"

"@rollup/rollup-android-arm-eabi@4.21.0":
  version "4.21.0"
  resolved "https://registry.yarnpkg.com/@rollup/rollup-android-arm-eabi/-/rollup-android-arm-eabi-4.21.0.tgz#d941173f82f9b041c61b0dc1a2a91dcd06e4b31e"
  integrity sha512-WTWD8PfoSAJ+qL87lE7votj3syLavxunWhzCnx3XFxFiI/BA/r3X7MUM8dVrH8rb2r4AiO8jJsr3ZjdaftmnfA==

"@rollup/rollup-android-arm64@4.21.0":
  version "4.21.0"
  resolved "https://registry.yarnpkg.com/@rollup/rollup-android-arm64/-/rollup-android-arm64-4.21.0.tgz#7e7157c8543215245ceffc445134d9e843ba51c0"
  integrity sha512-a1sR2zSK1B4eYkiZu17ZUZhmUQcKjk2/j9Me2IDjk1GHW7LB5Z35LEzj9iJch6gtUfsnvZs1ZNyDW2oZSThrkA==

"@rollup/rollup-darwin-arm64@4.21.0":
  version "4.21.0"
  resolved "https://registry.yarnpkg.com/@rollup/rollup-darwin-arm64/-/rollup-darwin-arm64-4.21.0.tgz#f0a18a4fc8dc6eb1e94a51fa2adb22876f477947"
  integrity sha512-zOnKWLgDld/svhKO5PD9ozmL6roy5OQ5T4ThvdYZLpiOhEGY+dp2NwUmxK0Ld91LrbjrvtNAE0ERBwjqhZTRAA==

"@rollup/rollup-darwin-x64@4.21.0":
  version "4.21.0"
  resolved "https://registry.yarnpkg.com/@rollup/rollup-darwin-x64/-/rollup-darwin-x64-4.21.0.tgz#34b7867613e5cc42d2b85ddc0424228cc33b43f0"
  integrity sha512-7doS8br0xAkg48SKE2QNtMSFPFUlRdw9+votl27MvT46vo44ATBmdZdGysOevNELmZlfd+NEa0UYOA8f01WSrg==

"@rollup/rollup-linux-arm-gnueabihf@4.21.0":
  version "4.21.0"
  resolved "https://registry.yarnpkg.com/@rollup/rollup-linux-arm-gnueabihf/-/rollup-linux-arm-gnueabihf-4.21.0.tgz#422b19ff9ae02b05d3395183d1d43b38c7c8be0b"
  integrity sha512-pWJsfQjNWNGsoCq53KjMtwdJDmh/6NubwQcz52aEwLEuvx08bzcy6tOUuawAOncPnxz/3siRtd8hiQ32G1y8VA==

"@rollup/rollup-linux-arm-musleabihf@4.21.0":
  version "4.21.0"
  resolved "https://registry.yarnpkg.com/@rollup/rollup-linux-arm-musleabihf/-/rollup-linux-arm-musleabihf-4.21.0.tgz#568aa29195ef6fc57ec6ed3f518923764406a8ee"
  integrity sha512-efRIANsz3UHZrnZXuEvxS9LoCOWMGD1rweciD6uJQIx2myN3a8Im1FafZBzh7zk1RJ6oKcR16dU3UPldaKd83w==

"@rollup/rollup-linux-arm64-gnu@4.21.0":
  version "4.21.0"
  resolved "https://registry.yarnpkg.com/@rollup/rollup-linux-arm64-gnu/-/rollup-linux-arm64-gnu-4.21.0.tgz#22309c8bcba9a73114f69165c72bc94b2fbec085"
  integrity sha512-ZrPhydkTVhyeGTW94WJ8pnl1uroqVHM3j3hjdquwAcWnmivjAwOYjTEAuEDeJvGX7xv3Z9GAvrBkEzCgHq9U1w==

"@rollup/rollup-linux-arm64-musl@4.21.0":
  version "4.21.0"
  resolved "https://registry.yarnpkg.com/@rollup/rollup-linux-arm64-musl/-/rollup-linux-arm64-musl-4.21.0.tgz#c93c388af6d33f082894b8a60839d7265b2b9bc5"
  integrity sha512-cfaupqd+UEFeURmqNP2eEvXqgbSox/LHOyN9/d2pSdV8xTrjdg3NgOFJCtc1vQ/jEke1qD0IejbBfxleBPHnPw==

"@rollup/rollup-linux-powerpc64le-gnu@4.21.0":
  version "4.21.0"
  resolved "https://registry.yarnpkg.com/@rollup/rollup-linux-powerpc64le-gnu/-/rollup-linux-powerpc64le-gnu-4.21.0.tgz#493c5e19e395cf3c6bd860c7139c8a903dea72b4"
  integrity sha512-ZKPan1/RvAhrUylwBXC9t7B2hXdpb/ufeu22pG2psV7RN8roOfGurEghw1ySmX/CmDDHNTDDjY3lo9hRlgtaHg==

"@rollup/rollup-linux-riscv64-gnu@4.21.0":
  version "4.21.0"
  resolved "https://registry.yarnpkg.com/@rollup/rollup-linux-riscv64-gnu/-/rollup-linux-riscv64-gnu-4.21.0.tgz#a2eab4346fbe5909165ce99adb935ba30c9fb444"
  integrity sha512-H1eRaCwd5E8eS8leiS+o/NqMdljkcb1d6r2h4fKSsCXQilLKArq6WS7XBLDu80Yz+nMqHVFDquwcVrQmGr28rg==

"@rollup/rollup-linux-s390x-gnu@4.21.0":
  version "4.21.0"
  resolved "https://registry.yarnpkg.com/@rollup/rollup-linux-s390x-gnu/-/rollup-linux-s390x-gnu-4.21.0.tgz#0bc49a79db4345d78d757bb1b05e73a1b42fa5c3"
  integrity sha512-zJ4hA+3b5tu8u7L58CCSI0A9N1vkfwPhWd/puGXwtZlsB5bTkwDNW/+JCU84+3QYmKpLi+XvHdmrlwUwDA6kqw==

"@rollup/rollup-linux-x64-gnu@4.21.0":
  version "4.21.0"
  resolved "https://registry.yarnpkg.com/@rollup/rollup-linux-x64-gnu/-/rollup-linux-x64-gnu-4.21.0.tgz#4fd36a6a41f3406d8693321b13d4f9b7658dd4b9"
  integrity sha512-e2hrvElFIh6kW/UNBQK/kzqMNY5mO+67YtEh9OA65RM5IJXYTWiXjX6fjIiPaqOkBthYF1EqgiZ6OXKcQsM0hg==

"@rollup/rollup-linux-x64-musl@4.21.0":
  version "4.21.0"
  resolved "https://registry.yarnpkg.com/@rollup/rollup-linux-x64-musl/-/rollup-linux-x64-musl-4.21.0.tgz#10ebb13bd4469cbad1a5d9b073bd27ec8a886200"
  integrity sha512-1vvmgDdUSebVGXWX2lIcgRebqfQSff0hMEkLJyakQ9JQUbLDkEaMsPTLOmyccyC6IJ/l3FZuJbmrBw/u0A0uCQ==

"@rollup/rollup-win32-arm64-msvc@4.21.0":
  version "4.21.0"
  resolved "https://registry.yarnpkg.com/@rollup/rollup-win32-arm64-msvc/-/rollup-win32-arm64-msvc-4.21.0.tgz#2fef1a90f1402258ef915ae5a94cc91a5a1d5bfc"
  integrity sha512-s5oFkZ/hFcrlAyBTONFY1TWndfyre1wOMwU+6KCpm/iatybvrRgmZVM+vCFwxmC5ZhdlgfE0N4XorsDpi7/4XQ==

"@rollup/rollup-win32-ia32-msvc@4.21.0":
  version "4.21.0"
  resolved "https://registry.yarnpkg.com/@rollup/rollup-win32-ia32-msvc/-/rollup-win32-ia32-msvc-4.21.0.tgz#a18ad47a95c5f264defb60acdd8c27569f816fc1"
  integrity sha512-G9+TEqRnAA6nbpqyUqgTiopmnfgnMkR3kMukFBDsiyy23LZvUCpiUwjTRx6ezYCjJODXrh52rBR9oXvm+Fp5wg==

"@rollup/rollup-win32-x64-msvc@4.21.0":
  version "4.21.0"
  resolved "https://registry.yarnpkg.com/@rollup/rollup-win32-x64-msvc/-/rollup-win32-x64-msvc-4.21.0.tgz#20c09cf44dcb082140cc7f439dd679fe4bba3375"
  integrity sha512-2jsCDZwtQvRhejHLfZ1JY6w6kEuEtfF9nzYsZxzSlNVKDX+DpsDJ+Rbjkm74nvg2rdx0gwBS+IMdvwJuq3S9pQ==

"@types/estree@1.0.5":
  version "1.0.5"
  resolved "https://registry.yarnpkg.com/@types/estree/-/estree-1.0.5.tgz#a6ce3e556e00fd9895dd872dd172ad0d4bd687f4"
  integrity sha512-/kYRxGDLWzHOB7q+wtSUQlFrtcdUccpfy+X+9iMBpHK8QLLhx2wIPYuS5DYtR9Wa/YlZAbIovy7qVdB1Aq6Lyw==

braces@^3.0.3:
  version "3.0.3"
  resolved "https://registry.yarnpkg.com/braces/-/braces-3.0.3.tgz#490332f40919452272d55a8480adc0c441358789"
  integrity sha512-yQbXgO/OSZVD2IsiLlro+7Hf6Q18EJrKSEsdoMzKePKXct3gvD8oLcOQdIzGupr5Fj+EDe8gO/lxc1BzfMpxvA==
  dependencies:
    fill-range "^7.1.1"

esbuild@^0.21.3:
  version "0.21.5"
  resolved "https://registry.yarnpkg.com/esbuild/-/esbuild-0.21.5.tgz#9ca301b120922959b766360d8ac830da0d02997d"
  integrity sha512-mg3OPMV4hXywwpoDxu3Qda5xCKQi+vCTZq8S9J/EpkhB2HzKXq4SNFZE3+NK93JYxc8VMSep+lOUSC/RVKaBqw==
  optionalDependencies:
    "@esbuild/aix-ppc64" "0.21.5"
    "@esbuild/android-arm" "0.21.5"
    "@esbuild/android-arm64" "0.21.5"
    "@esbuild/android-x64" "0.21.5"
    "@esbuild/darwin-arm64" "0.21.5"
    "@esbuild/darwin-x64" "0.21.5"
    "@esbuild/freebsd-arm64" "0.21.5"
    "@esbuild/freebsd-x64" "0.21.5"
    "@esbuild/linux-arm" "0.21.5"
    "@esbuild/linux-arm64" "0.21.5"
    "@esbuild/linux-ia32" "0.21.5"
    "@esbuild/linux-loong64" "0.21.5"
    "@esbuild/linux-mips64el" "0.21.5"
    "@esbuild/linux-ppc64" "0.21.5"
    "@esbuild/linux-riscv64" "0.21.5"
    "@esbuild/linux-s390x" "0.21.5"
    "@esbuild/linux-x64" "0.21.5"
    "@esbuild/netbsd-x64" "0.21.5"
    "@esbuild/openbsd-x64" "0.21.5"
    "@esbuild/sunos-x64" "0.21.5"
    "@esbuild/win32-arm64" "0.21.5"
    "@esbuild/win32-ia32" "0.21.5"
    "@esbuild/win32-x64" "0.21.5"

fill-range@^7.1.1:
  version "7.1.1"
  resolved "https://registry.yarnpkg.com/fill-range/-/fill-range-7.1.1.tgz#44265d3cac07e3ea7dc247516380643754a05292"
  integrity sha512-YsGpe3WHLK8ZYi4tWDg2Jy3ebRz2rXowDxnld4bkQB00cc/1Zw9AWnC0i9ztDJitivtQvaI9KaLyKrc+hBW0yg==
  dependencies:
    to-regex-range "^5.0.1"

fsevents@~2.3.2, fsevents@~2.3.3:
  version "2.3.3"
  resolved "https://registry.yarnpkg.com/fsevents/-/fsevents-2.3.3.tgz#cac6407785d03675a2a5e1a5305c697b347d90d6"
  integrity sha512-5xoDfX+fL7faATnagmWPpbFtwh/R77WmMMqqHGS65C3vvB0YHrgF+B1YmZ3441tMj5n63k0212XNoJwzlhffQw==

idb@^7.1.1:
  version "7.1.1"
  resolved "https://registry.yarnpkg.com/idb/-/idb-7.1.1.tgz#d910ded866d32c7ced9befc5bfdf36f572ced72b"
  integrity sha512-gchesWBzyvGHRO9W8tzUWFDycow5gwjvFKfyV9FF32Y7F50yZMp7mP+T2mJIWFx49zicqyC4uefHM17o6xKIVQ==

is-number@^7.0.0:
  version "7.0.0"
  resolved "https://registry.yarnpkg.com/is-number/-/is-number-7.0.0.tgz#7535345b896734d5f80c4d06c50955527a14f12b"
  integrity sha512-41Cifkg6e8TylSpdtTpeLVMqvSBEVzTttHvERD741+pnZ8ANv0004MRL43QKPDlK9cGvNp6NZWZUBlbGXYxxng==

micromatch@^4.0.7:
  version "4.0.8"
  resolved "https://registry.yarnpkg.com/micromatch/-/micromatch-4.0.8.tgz#d66fa18f3a47076789320b9b1af32bd86d9fa202"
  integrity sha512-PXwfBhYu0hBCPw8Dn0E+WDYb7af3dSLVWKi3HGv84IdF4TyFoC0ysxFd0Goxw7nSv4T/PzEJQxsYsEiFCKo2BA==
  dependencies:
    braces "^3.0.3"
    picomatch "^2.3.1"

nanoid@^3.3.7:
  version "3.3.7"
  resolved "https://registry.yarnpkg.com/nanoid/-/nanoid-3.3.7.tgz#d0c301a691bc8d54efa0a2226ccf3fe2fd656bd8"
  integrity sha512-eSRppjcPIatRIMC1U6UngP8XFcz8MQWGQdt1MTBQ7NaAmvXDfvNxbvWV3x2y6CdEUciCSsDHDQZbhYaB8QEo2g==

picocolors@^1.0.1:
  version "1.0.1"
  resolved "https://registry.yarnpkg.com/picocolors/-/picocolors-1.0.1.tgz#a8ad579b571952f0e5d25892de5445bcfe25aaa1"
  integrity sha512-anP1Z8qwhkbmu7MFP5iTt+wQKXgwzf7zTyGlcdzabySa9vd0Xt392U0rVmz9poOaBj0uHJKyyo9/upk0HrEQew==

picomatch@^2.3.1:
  version "2.3.1"
  resolved "https://registry.yarnpkg.com/picomatch/-/picomatch-2.3.1.tgz#3ba3833733646d9d3e4995946c1365a67fb07a42"
  integrity sha512-JU3teHTNjmE2VCGFzuY8EXzCDVwEqB2a8fsIvwaStHhAWJEeVd1o1QD80CU6+ZdEXXSLbSsuLwJjkCBWqRQUVA==

postcss@^8.4.41:
  version "8.4.41"
  resolved "https://registry.yarnpkg.com/postcss/-/postcss-8.4.41.tgz#d6104d3ba272d882fe18fc07d15dc2da62fa2681"
  integrity sha512-TesUflQ0WKZqAvg52PWL6kHgLKP6xB6heTOdoYM0Wt2UHyxNa4K25EZZMgKns3BH1RLVbZCREPpLY0rhnNoHVQ==
  dependencies:
    nanoid "^3.3.7"
    picocolors "^1.0.1"
    source-map-js "^1.2.0"

rollup@^4.20.0:
  version "4.21.0"
  resolved "https://registry.yarnpkg.com/rollup/-/rollup-4.21.0.tgz#28db5f5c556a5180361d35009979ccc749560b9d"
  integrity sha512-vo+S/lfA2lMS7rZ2Qoubi6I5hwZwzXeUIctILZLbHI+laNtvhhOIon2S1JksA5UEDQ7l3vberd0fxK44lTYjbQ==
  dependencies:
    "@types/estree" "1.0.5"
  optionalDependencies:
    "@rollup/rollup-android-arm-eabi" "4.21.0"
    "@rollup/rollup-android-arm64" "4.21.0"
    "@rollup/rollup-darwin-arm64" "4.21.0"
    "@rollup/rollup-darwin-x64" "4.21.0"
    "@rollup/rollup-linux-arm-gnueabihf" "4.21.0"
    "@rollup/rollup-linux-arm-musleabihf" "4.21.0"
    "@rollup/rollup-linux-arm64-gnu" "4.21.0"
    "@rollup/rollup-linux-arm64-musl" "4.21.0"
    "@rollup/rollup-linux-powerpc64le-gnu" "4.21.0"
    "@rollup/rollup-linux-riscv64-gnu" "4.21.0"
    "@rollup/rollup-linux-s390x-gnu" "4.21.0"
    "@rollup/rollup-linux-x64-gnu" "4.21.0"
    "@rollup/rollup-linux-x64-musl" "4.21.0"
    "@rollup/rollup-win32-arm64-msvc" "4.21.0"
    "@rollup/rollup-win32-ia32-msvc" "4.21.0"
    "@rollup/rollup-win32-x64-msvc" "4.21.0"
    fsevents "~2.3.2"

source-map-js@^1.2.0:
  version "1.2.0"
  resolved "https://registry.yarnpkg.com/source-map-js/-/source-map-js-1.2.0.tgz#16b809c162517b5b8c3e7dcd315a2a5c2612b2af"
  integrity sha512-itJW8lvSA0TXEphiRoawsCksnlf8SyvmFzIhltqAHluXd88pkCd+cXJVHTDwdCr0IzwptSm035IHQktUu1QUMg==

to-regex-range@^5.0.1:
  version "5.0.1"
  resolved "https://registry.yarnpkg.com/to-regex-range/-/to-regex-range-5.0.1.tgz#1648c44aae7c8d988a326018ed72f5b4dd0392e4"
  integrity sha512-65P7iz6X5yEr1cwcgvQxbbIw7Uk3gOy5dIdtZ4rDveLqhrdJP+Li/Hx6tyK0NEb+2GCyneCMJiGqrADCSNk8sQ==
  dependencies:
    is-number "^7.0.0"

typescript@^5.3.3:
  version "5.3.3"
  resolved "https://registry.yarnpkg.com/typescript/-/typescript-5.3.3.tgz#b3ce6ba258e72e6305ba66f5c9b452aaee3ffe37"
  integrity sha512-pXWcraxM0uxAS+tN0AG/BF2TyqmHO014Z070UsJ+pFvYuRSq8KH8DmWpnbXe0pEPDHXZV3FcAbJkijJ5oNEnWw==

vite-plugin-singlefile@^2.0.2:
  version "2.0.2"
  resolved "https://registry.yarnpkg.com/vite-plugin-singlefile/-/vite-plugin-singlefile-2.0.2.tgz#af2c95e0182bd363dbe29b80bea5c5a78209f649"
  integrity sha512-Z2ou6HcvED5CF0hM+vcFSaFa+klyS8RyyLxW0PbMRLnMbvzTI6ueWyxdYNFhpuXZgz/aj6+E/dHFTdEcw6gb9w==
  dependencies:
    micromatch "^4.0.7"

vite@^5.4.2:
  version "5.4.2"
  resolved "https://registry.yarnpkg.com/vite/-/vite-5.4.2.tgz#8acb6ec4bfab823cdfc1cb2d6c53ed311bc4e47e"
  integrity sha512-dDrQTRHp5C1fTFzcSaMxjk6vdpKvT+2/mIdE07Gw2ykehT49O0z/VHS3zZ8iV/Gh8BJJKHWOe5RjaNrW5xf/GA==
  dependencies:
    esbuild "^0.21.3"
    postcss "^8.4.41"
    rollup "^4.20.0"
  optionalDependencies:
    fsevents "~2.3.3"
