# THIS IS AN AUTOGENERATED FILE. DO NOT EDIT THIS FILE DIRECTLY.
# yarn lockfile v1


"@esbuild/aix-ppc64@0.25.9":
  version "0.25.9"
  resolved "https://registry.npmjs.org/@esbuild/aix-ppc64/-/aix-ppc64-0.25.9.tgz#bef96351f16520055c947aba28802eede3c9e9a9"
  integrity sha512-OaGtL73Jck6pBKjNIe24BnFE6agGl+6KxDtTfHhy1HmhthfKouEcOhqpSL64K4/0WCtbKFLOdzD/44cJ4k9opA==

"@esbuild/android-arm64@0.25.9":
  version "0.25.9"
  resolved "https://registry.npmjs.org/@esbuild/android-arm64/-/android-arm64-0.25.9.tgz#d2e70be7d51a529425422091e0dcb90374c1546c"
  integrity sha512-IDrddSmpSv51ftWslJMvl3Q2ZT98fUSL2/rlUXuVqRXHCs5EUF1/f+jbjF5+NG9UffUDMCiTyh8iec7u8RlTLg==

"@esbuild/android-arm@0.25.9":
  version "0.25.9"
  resolved "https://registry.npmjs.org/@esbuild/android-arm/-/android-arm-0.25.9.tgz#d2a753fe2a4c73b79437d0ba1480e2d760097419"
  integrity sha512-5WNI1DaMtxQ7t7B6xa572XMXpHAaI/9Hnhk8lcxF4zVN4xstUgTlvuGDorBguKEnZO70qwEcLpfifMLoxiPqHQ==

"@esbuild/android-x64@0.25.9":
  version "0.25.9"
  resolved "https://registry.npmjs.org/@esbuild/android-x64/-/android-x64-0.25.9.tgz#5278836e3c7ae75761626962f902a0d55352e683"
  integrity sha512-I853iMZ1hWZdNllhVZKm34f4wErd4lMyeV7BLzEExGEIZYsOzqDWDf+y082izYUE8gtJnYHdeDpN/6tUdwvfiw==

"@esbuild/darwin-arm64@0.25.9":
  version "0.25.9"
  resolved "https://registry.npmjs.org/@esbuild/darwin-arm64/-/darwin-arm64-0.25.9.tgz#f1513eaf9ec8fa15dcaf4c341b0f005d3e8b47ae"
  integrity sha512-XIpIDMAjOELi/9PB30vEbVMs3GV1v2zkkPnuyRRURbhqjyzIINwj+nbQATh4H9GxUgH1kFsEyQMxwiLFKUS6Rg==

"@esbuild/darwin-x64@0.25.9":
  version "0.25.9"
  resolved "https://registry.npmjs.org/@esbuild/darwin-x64/-/darwin-x64-0.25.9.tgz#e27dbc3b507b3a1cea3b9280a04b8b6b725f82be"
  integrity sha512-jhHfBzjYTA1IQu8VyrjCX4ApJDnH+ez+IYVEoJHeqJm9VhG9Dh2BYaJritkYK3vMaXrf7Ogr/0MQ8/MeIefsPQ==

"@esbuild/freebsd-arm64@0.25.9":
  version "0.25.9"
  resolved "https://registry.npmjs.org/@esbuild/freebsd-arm64/-/freebsd-arm64-0.25.9.tgz#364e3e5b7a1fd45d92be08c6cc5d890ca75908ca"
  integrity sha512-z93DmbnY6fX9+KdD4Ue/H6sYs+bhFQJNCPZsi4XWJoYblUqT06MQUdBCpcSfuiN72AbqeBFu5LVQTjfXDE2A6Q==

"@esbuild/freebsd-x64@0.25.9":
  version "0.25.9"
  resolved "https://registry.npmjs.org/@esbuild/freebsd-x64/-/freebsd-x64-0.25.9.tgz#7c869b45faeb3df668e19ace07335a0711ec56ab"
  integrity sha512-mrKX6H/vOyo5v71YfXWJxLVxgy1kyt1MQaD8wZJgJfG4gq4DpQGpgTB74e5yBeQdyMTbgxp0YtNj7NuHN0PoZg==

"@esbuild/linux-arm64@0.25.9":
  version "0.25.9"
  resolved "https://registry.npmjs.org/@esbuild/linux-arm64/-/linux-arm64-0.25.9.tgz#48d42861758c940b61abea43ba9a29b186d6cb8b"
  integrity sha512-BlB7bIcLT3G26urh5Dmse7fiLmLXnRlopw4s8DalgZ8ef79Jj4aUcYbk90g8iCa2467HX8SAIidbL7gsqXHdRw==

"@esbuild/linux-arm@0.25.9":
  version "0.25.9"
  resolved "https://registry.npmjs.org/@esbuild/linux-arm/-/linux-arm-0.25.9.tgz#6ce4b9cabf148274101701d112b89dc67cc52f37"
  integrity sha512-HBU2Xv78SMgaydBmdor38lg8YDnFKSARg1Q6AT0/y2ezUAKiZvc211RDFHlEZRFNRVhcMamiToo7bDx3VEOYQw==

"@esbuild/linux-ia32@0.25.9":
  version "0.25.9"
  resolved "https://registry.npmjs.org/@esbuild/linux-ia32/-/linux-ia32-0.25.9.tgz#207e54899b79cac9c26c323fc1caa32e3143f1c4"
  integrity sha512-e7S3MOJPZGp2QW6AK6+Ly81rC7oOSerQ+P8L0ta4FhVi+/j/v2yZzx5CqqDaWjtPFfYz21Vi1S0auHrap3Ma3A==

"@esbuild/linux-loong64@0.25.9":
  version "0.25.9"
  resolved "https://registry.npmjs.org/@esbuild/linux-loong64/-/linux-loong64-0.25.9.tgz#0ba48a127159a8f6abb5827f21198b999ffd1fc0"
  integrity sha512-Sbe10Bnn0oUAB2AalYztvGcK+o6YFFA/9829PhOCUS9vkJElXGdphz0A3DbMdP8gmKkqPmPcMJmJOrI3VYB1JQ==

"@esbuild/linux-mips64el@0.25.9":
  version "0.25.9"
  resolved "https://registry.npmjs.org/@esbuild/linux-mips64el/-/linux-mips64el-0.25.9.tgz#a4d4cc693d185f66a6afde94f772b38ce5d64eb5"
  integrity sha512-YcM5br0mVyZw2jcQeLIkhWtKPeVfAerES5PvOzaDxVtIyZ2NUBZKNLjC5z3/fUlDgT6w89VsxP2qzNipOaaDyA==

"@esbuild/linux-ppc64@0.25.9":
  version "0.25.9"
  resolved "https://registry.npmjs.org/@esbuild/linux-ppc64/-/linux-ppc64-0.25.9.tgz#0f5805c1c6d6435a1dafdc043cb07a19050357db"
  integrity sha512-++0HQvasdo20JytyDpFvQtNrEsAgNG2CY1CLMwGXfFTKGBGQT3bOeLSYE2l1fYdvML5KUuwn9Z8L1EWe2tzs1w==

"@esbuild/linux-riscv64@0.25.9":
  version "0.25.9"
  resolved "https://registry.npmjs.org/@esbuild/linux-riscv64/-/linux-riscv64-0.25.9.tgz#6776edece0f8fca79f3386398b5183ff2a827547"
  integrity sha512-uNIBa279Y3fkjV+2cUjx36xkx7eSjb8IvnL01eXUKXez/CBHNRw5ekCGMPM0BcmqBxBcdgUWuUXmVWwm4CH9kg==

"@esbuild/linux-s390x@0.25.9":
  version "0.25.9"
  resolved "https://registry.npmjs.org/@esbuild/linux-s390x/-/linux-s390x-0.25.9.tgz#3f6f29ef036938447c2218d309dc875225861830"
  integrity sha512-Mfiphvp3MjC/lctb+7D287Xw1DGzqJPb/J2aHHcHxflUo+8tmN/6d4k6I2yFR7BVo5/g7x2Monq4+Yew0EHRIA==

"@esbuild/linux-x64@0.25.9":
  version "0.25.9"
  resolved "https://registry.npmjs.org/@esbuild/linux-x64/-/linux-x64-0.25.9.tgz#831fe0b0e1a80a8b8391224ea2377d5520e1527f"
  integrity sha512-iSwByxzRe48YVkmpbgoxVzn76BXjlYFXC7NvLYq+b+kDjyyk30J0JY47DIn8z1MO3K0oSl9fZoRmZPQI4Hklzg==

"@esbuild/netbsd-arm64@0.25.9":
  version "0.25.9"
  resolved "https://registry.npmjs.org/@esbuild/netbsd-arm64/-/netbsd-arm64-0.25.9.tgz#06f99d7eebe035fbbe43de01c9d7e98d2a0aa548"
  integrity sha512-9jNJl6FqaUG+COdQMjSCGW4QiMHH88xWbvZ+kRVblZsWrkXlABuGdFJ1E9L7HK+T0Yqd4akKNa/lO0+jDxQD4Q==

"@esbuild/netbsd-x64@0.25.9":
  version "0.25.9"
  resolved "https://registry.npmjs.org/@esbuild/netbsd-x64/-/netbsd-x64-0.25.9.tgz#db99858e6bed6e73911f92a88e4edd3a8c429a52"
  integrity sha512-RLLdkflmqRG8KanPGOU7Rpg829ZHu8nFy5Pqdi9U01VYtG9Y0zOG6Vr2z4/S+/3zIyOxiK6cCeYNWOFR9QP87g==

"@esbuild/openbsd-arm64@0.25.9":
  version "0.25.9"
  resolved "https://registry.npmjs.org/@esbuild/openbsd-arm64/-/openbsd-arm64-0.25.9.tgz#afb886c867e36f9d86bb21e878e1185f5d5a0935"
  integrity sha512-YaFBlPGeDasft5IIM+CQAhJAqS3St3nJzDEgsgFixcfZeyGPCd6eJBWzke5piZuZ7CtL656eOSYKk4Ls2C0FRQ==

"@esbuild/openbsd-x64@0.25.9":
  version "0.25.9"
  resolved "https://registry.npmjs.org/@esbuild/openbsd-x64/-/openbsd-x64-0.25.9.tgz#30855c9f8381fac6a0ef5b5f31ac6e7108a66ecf"
  integrity sha512-1MkgTCuvMGWuqVtAvkpkXFmtL8XhWy+j4jaSO2wxfJtilVCi0ZE37b8uOdMItIHz4I6z1bWWtEX4CJwcKYLcuA==

"@esbuild/openharmony-arm64@0.25.9":
  version "0.25.9"
  resolved "https://registry.npmjs.org/@esbuild/openharmony-arm64/-/openharmony-arm64-0.25.9.tgz#2f2144af31e67adc2a8e3705c20c2bd97bd88314"
  integrity sha512-4Xd0xNiMVXKh6Fa7HEJQbrpP3m3DDn43jKxMjxLLRjWnRsfxjORYJlXPO4JNcXtOyfajXorRKY9NkOpTHptErg==

"@esbuild/sunos-x64@0.25.9":
  version "0.25.9"
  resolved "https://registry.npmjs.org/@esbuild/sunos-x64/-/sunos-x64-0.25.9.tgz#69b99a9b5bd226c9eb9c6a73f990fddd497d732e"
  integrity sha512-WjH4s6hzo00nNezhp3wFIAfmGZ8U7KtrJNlFMRKxiI9mxEK1scOMAaa9i4crUtu+tBr+0IN6JCuAcSBJZfnphw==

"@esbuild/win32-arm64@0.25.9":
  version "0.25.9"
  resolved "https://registry.npmjs.org/@esbuild/win32-arm64/-/win32-arm64-0.25.9.tgz#d789330a712af916c88325f4ffe465f885719c6b"
  integrity sha512-mGFrVJHmZiRqmP8xFOc6b84/7xa5y5YvR1x8djzXpJBSv/UsNK6aqec+6JDjConTgvvQefdGhFDAs2DLAds6gQ==

"@esbuild/win32-ia32@0.25.9":
  version "0.25.9"
  resolved "https://registry.npmjs.org/@esbuild/win32-ia32/-/win32-ia32-0.25.9.tgz#52fc735406bd49688253e74e4e837ac2ba0789e3"
  integrity sha512-b33gLVU2k11nVx1OhX3C8QQP6UHQK4ZtN56oFWvVXvz2VkDoe6fbG8TOgHFxEvqeqohmRnIHe5A1+HADk4OQww==

"@esbuild/win32-x64@0.25.9":
  version "0.25.9"
  resolved "https://registry.npmjs.org/@esbuild/win32-x64/-/win32-x64-0.25.9.tgz#585624dc829cfb6e7c0aa6c3ca7d7e6daa87e34f"
  integrity sha512-PPOl1mi6lpLNQxnGoyAfschAodRFYXJ+9fs6WHXz7CSWKbOqiMZsubC+BQsVKuul+3vKLuwTHsS2c2y9EoKwxQ==

"@myriaddreamin/typst-ts-renderer@^0.6.0":
  version "0.6.0"
  resolved "https://registry.npmjs.org/@myriaddreamin/typst-ts-renderer/-/typst-ts-renderer-0.6.0.tgz#2fef4d9f2b7afa73668fb7ccec40233a02444511"
  integrity sha512-56Mids4E5Ob6LeEeXDedvmsVnEWnLmc1qeUOeUSruL/zI3S9QXleF/c3Os1FXwJmLuCFbWTEIq8Quh2cXlnxKw==

"@myriaddreamin/typst.ts@^0.6.0":
  version "0.6.0"
  resolved "https://registry.npmjs.org/@myriaddreamin/typst.ts/-/typst.ts-0.6.0.tgz#cb3d2dab8e33a203448f5fda438e33e2180b0da7"
  integrity sha512-IUpetG0NyF2H6eXRm4j+NsbanJHIvyrffHEijqYb6q128sLWQgT1FYJS+h7dtjXmrBEfnIl1mI80DyfDR6kB/w==
  dependencies:
    idb "^7.1.1"

"@rollup/rollup-android-arm-eabi@4.50.1":
  version "4.50.1"
  resolved "https://registry.npmjs.org/@rollup/rollup-android-arm-eabi/-/rollup-android-arm-eabi-4.50.1.tgz#7d41dc45adcfcb272504ebcea9c8a5b2c659e963"
  integrity sha512-HJXwzoZN4eYTdD8bVV22DN8gsPCAj3V20NHKOs8ezfXanGpmVPR7kalUHd+Y31IJp9stdB87VKPFbsGY3H/2ag==

"@rollup/rollup-android-arm64@4.50.1":
  version "4.50.1"
  resolved "https://registry.npmjs.org/@rollup/rollup-android-arm64/-/rollup-android-arm64-4.50.1.tgz#6c708fae2c9755e994c42d56c34a94cb77020650"
  integrity sha512-PZlsJVcjHfcH53mOImyt3bc97Ep3FJDXRpk9sMdGX0qgLmY0EIWxCag6EigerGhLVuL8lDVYNnSo8qnTElO4xw==

"@rollup/rollup-darwin-arm64@4.50.1":
  version "4.50.1"
  resolved "https://registry.npmjs.org/@rollup/rollup-darwin-arm64/-/rollup-darwin-arm64-4.50.1.tgz#85ccf92ab114e434c83037a175923a525635cbb4"
  integrity sha512-xc6i2AuWh++oGi4ylOFPmzJOEeAa2lJeGUGb4MudOtgfyyjr4UPNK+eEWTPLvmPJIY/pgw6ssFIox23SyrkkJw==

"@rollup/rollup-darwin-x64@4.50.1":
  version "4.50.1"
  resolved "https://registry.npmjs.org/@rollup/rollup-darwin-x64/-/rollup-darwin-x64-4.50.1.tgz#0af089f3d658d05573208dabb3a392b44d7f4630"
  integrity sha512-2ofU89lEpDYhdLAbRdeyz/kX3Y2lpYc6ShRnDjY35bZhd2ipuDMDi6ZTQ9NIag94K28nFMofdnKeHR7BT0CATw==

"@rollup/rollup-freebsd-arm64@4.50.1":
  version "4.50.1"
  resolved "https://registry.npmjs.org/@rollup/rollup-freebsd-arm64/-/rollup-freebsd-arm64-4.50.1.tgz#46c22a16d18180e99686647543335567221caa9c"
  integrity sha512-wOsE6H2u6PxsHY/BeFHA4VGQN3KUJFZp7QJBmDYI983fgxq5Th8FDkVuERb2l9vDMs1D5XhOrhBrnqcEY6l8ZA==

"@rollup/rollup-freebsd-x64@4.50.1":
  version "4.50.1"
  resolved "https://registry.npmjs.org/@rollup/rollup-freebsd-x64/-/rollup-freebsd-x64-4.50.1.tgz#819ffef2f81891c266456952962a13110c8e28b5"
  integrity sha512-A/xeqaHTlKbQggxCqispFAcNjycpUEHP52mwMQZUNqDUJFFYtPHCXS1VAG29uMlDzIVr+i00tSFWFLivMcoIBQ==

"@rollup/rollup-linux-arm-gnueabihf@4.50.1":
  version "4.50.1"
  resolved "https://registry.npmjs.org/@rollup/rollup-linux-arm-gnueabihf/-/rollup-linux-arm-gnueabihf-4.50.1.tgz#7fe283c14793e607e653a3214b09f8973f08262a"
  integrity sha512-54v4okehwl5TaSIkpp97rAHGp7t3ghinRd/vyC1iXqXMfjYUTm7TfYmCzXDoHUPTTf36L8pr0E7YsD3CfB3ZDg==

"@rollup/rollup-linux-arm-musleabihf@4.50.1":
  version "4.50.1"
  resolved "https://registry.npmjs.org/@rollup/rollup-linux-arm-musleabihf/-/rollup-linux-arm-musleabihf-4.50.1.tgz#066e92eb22ea30560414ec800a6d119ba0b435ac"
  integrity sha512-p/LaFyajPN/0PUHjv8TNyxLiA7RwmDoVY3flXHPSzqrGcIp/c2FjwPPP5++u87DGHtw+5kSH5bCJz0mvXngYxw==

"@rollup/rollup-linux-arm64-gnu@4.50.1":
  version "4.50.1"
  resolved "https://registry.npmjs.org/@rollup/rollup-linux-arm64-gnu/-/rollup-linux-arm64-gnu-4.50.1.tgz#480d518ea99a8d97b2a174c46cd55164f138cc37"
  integrity sha512-2AbMhFFkTo6Ptna1zO7kAXXDLi7H9fGTbVaIq2AAYO7yzcAsuTNWPHhb2aTA6GPiP+JXh85Y8CiS54iZoj4opw==

"@rollup/rollup-linux-arm64-musl@4.50.1":
  version "4.50.1"
  resolved "https://registry.npmjs.org/@rollup/rollup-linux-arm64-musl/-/rollup-linux-arm64-musl-4.50.1.tgz#ed7db3b8999b60dd20009ddf71c95f3af49423c8"
  integrity sha512-Cgef+5aZwuvesQNw9eX7g19FfKX5/pQRIyhoXLCiBOrWopjo7ycfB292TX9MDcDijiuIJlx1IzJz3IoCPfqs9w==

"@rollup/rollup-linux-loongarch64-gnu@4.50.1":
  version "4.50.1"
  resolved "https://registry.npmjs.org/@rollup/rollup-linux-loongarch64-gnu/-/rollup-linux-loongarch64-gnu-4.50.1.tgz#16a6927a35f5dbc505ff874a4e1459610c0c6f46"
  integrity sha512-RPhTwWMzpYYrHrJAS7CmpdtHNKtt2Ueo+BlLBjfZEhYBhK00OsEqM08/7f+eohiF6poe0YRDDd8nAvwtE/Y62Q==

"@rollup/rollup-linux-ppc64-gnu@4.50.1":
  version "4.50.1"
  resolved "https://registry.npmjs.org/@rollup/rollup-linux-ppc64-gnu/-/rollup-linux-ppc64-gnu-4.50.1.tgz#a006700469be0041846c45b494c35754e6a04eea"
  integrity sha512-eSGMVQw9iekut62O7eBdbiccRguuDgiPMsw++BVUg+1K7WjZXHOg/YOT9SWMzPZA+w98G+Fa1VqJgHZOHHnY0Q==

"@rollup/rollup-linux-riscv64-gnu@4.50.1":
  version "4.50.1"
  resolved "https://registry.npmjs.org/@rollup/rollup-linux-riscv64-gnu/-/rollup-linux-riscv64-gnu-4.50.1.tgz#0fcc45b2ec8a0e54218ca48849ea6d596f53649c"
  integrity sha512-S208ojx8a4ciIPrLgazF6AgdcNJzQE4+S9rsmOmDJkusvctii+ZvEuIC4v/xFqzbuP8yDjn73oBlNDgF6YGSXQ==

"@rollup/rollup-linux-riscv64-musl@4.50.1":
  version "4.50.1"
  resolved "https://registry.npmjs.org/@rollup/rollup-linux-riscv64-musl/-/rollup-linux-riscv64-musl-4.50.1.tgz#d6e617eec9fe6f5859ee13fad435a16c42b469f2"
  integrity sha512-3Ag8Ls1ggqkGUvSZWYcdgFwriy2lWo+0QlYgEFra/5JGtAd6C5Hw59oojx1DeqcA2Wds2ayRgvJ4qxVTzCHgzg==

"@rollup/rollup-linux-s390x-gnu@4.50.1":
  version "4.50.1"
  resolved "https://registry.npmjs.org/@rollup/rollup-linux-s390x-gnu/-/rollup-linux-s390x-gnu-4.50.1.tgz#b147760d63c6f35b4b18e6a25a2a760dd3ea0c05"
  integrity sha512-t9YrKfaxCYe7l7ldFERE1BRg/4TATxIg+YieHQ966jwvo7ddHJxPj9cNFWLAzhkVsbBvNA4qTbPVNsZKBO4NSg==

"@rollup/rollup-linux-x64-gnu@4.50.1":
  version "4.50.1"
  resolved "https://registry.npmjs.org/@rollup/rollup-linux-x64-gnu/-/rollup-linux-x64-gnu-4.50.1.tgz#fc0be1da374f85e7e85dccaf1ff12d7cfc9fbe3d"
  integrity sha512-MCgtFB2+SVNuQmmjHf+wfI4CMxy3Tk8XjA5Z//A0AKD7QXUYFMQcns91K6dEHBvZPCnhJSyDWLApk40Iq/H3tA==

"@rollup/rollup-linux-x64-musl@4.50.1":
  version "4.50.1"
  resolved "https://registry.npmjs.org/@rollup/rollup-linux-x64-musl/-/rollup-linux-x64-musl-4.50.1.tgz#54c79932e0f9a3c992b034c82325be3bcde0d067"
  integrity sha512-nEvqG+0jeRmqaUMuwzlfMKwcIVffy/9KGbAGyoa26iu6eSngAYQ512bMXuqqPrlTyfqdlB9FVINs93j534UJrg==

"@rollup/rollup-openharmony-arm64@4.50.1":
  version "4.50.1"
  resolved "https://registry.npmjs.org/@rollup/rollup-openharmony-arm64/-/rollup-openharmony-arm64-4.50.1.tgz#fc48e74d413623ac02c1d521bec3e5e784488fdc"
  integrity sha512-RDsLm+phmT3MJd9SNxA9MNuEAO/J2fhW8GXk62G/B4G7sLVumNFbRwDL6v5NrESb48k+QMqdGbHgEtfU0LCpbA==

"@rollup/rollup-win32-arm64-msvc@4.50.1":
  version "4.50.1"
  resolved "https://registry.npmjs.org/@rollup/rollup-win32-arm64-msvc/-/rollup-win32-arm64-msvc-4.50.1.tgz#8ce3d1181644406362cf1e62c90e88ab083e02bb"
  integrity sha512-hpZB/TImk2FlAFAIsoElM3tLzq57uxnGYwplg6WDyAxbYczSi8O2eQ+H2Lx74504rwKtZ3N2g4bCUkiamzS6TQ==

"@rollup/rollup-win32-ia32-msvc@4.50.1":
  version "4.50.1"
  resolved "https://registry.npmjs.org/@rollup/rollup-win32-ia32-msvc/-/rollup-win32-ia32-msvc-4.50.1.tgz#dd2dfc896eac4b2689d55f01c6d51c249263f805"
  integrity sha512-SXjv8JlbzKM0fTJidX4eVsH+Wmnp0/WcD8gJxIZyR6Gay5Qcsmdbi9zVtnbkGPG8v2vMR1AD06lGWy5FLMcG7A==

"@rollup/rollup-win32-x64-msvc@4.50.1":
  version "4.50.1"
  resolved "https://registry.npmjs.org/@rollup/rollup-win32-x64-msvc/-/rollup-win32-x64-msvc-4.50.1.tgz#13f758c97b9fbbac56b6928547a3ff384e7cfb3e"
  integrity sha512-StxAO/8ts62KZVRAm4JZYq9+NqNsV7RvimNK+YM7ry//zebEH6meuugqW/P5OFUCjyQgui+9fUxT6d5NShvMvA==

"@types/estree@1.0.8":
  version "1.0.8"
  resolved "https://registry.npmjs.org/@types/estree/-/estree-1.0.8.tgz#958b91c991b1867ced318bedea0e215ee050726e"
  integrity sha512-dWHzHa2WqEXI/O1E9OjrocMTKJl2mSrEolh1Iomrv6U+JuNwaHXsXx9bLu5gG7BUWFIN0skIQJQ/L1rIex4X6w==

braces@^3.0.3:
  version "3.0.3"
  resolved "https://registry.npmjs.org/braces/-/braces-3.0.3.tgz#490332f40919452272d55a8480adc0c441358789"
  integrity sha512-yQbXgO/OSZVD2IsiLlro+7Hf6Q18EJrKSEsdoMzKePKXct3gvD8oLcOQdIzGupr5Fj+EDe8gO/lxc1BzfMpxvA==
  dependencies:
    fill-range "^7.1.1"

esbuild@^0.25.0:
  version "0.25.9"
  resolved "https://registry.npmjs.org/esbuild/-/esbuild-0.25.9.tgz#15ab8e39ae6cdc64c24ff8a2c0aef5b3fd9fa976"
  integrity sha512-CRbODhYyQx3qp7ZEwzxOk4JBqmD/seJrzPa/cGjY1VtIn5E09Oi9/dB4JwctnfZ8Q8iT7rioVv5k/FNT/uf54g==
  optionalDependencies:
    "@esbuild/aix-ppc64" "0.25.9"
    "@esbuild/android-arm" "0.25.9"
    "@esbuild/android-arm64" "0.25.9"
    "@esbuild/android-x64" "0.25.9"
    "@esbuild/darwin-arm64" "0.25.9"
    "@esbuild/darwin-x64" "0.25.9"
    "@esbuild/freebsd-arm64" "0.25.9"
    "@esbuild/freebsd-x64" "0.25.9"
    "@esbuild/linux-arm" "0.25.9"
    "@esbuild/linux-arm64" "0.25.9"
    "@esbuild/linux-ia32" "0.25.9"
    "@esbuild/linux-loong64" "0.25.9"
    "@esbuild/linux-mips64el" "0.25.9"
    "@esbuild/linux-ppc64" "0.25.9"
    "@esbuild/linux-riscv64" "0.25.9"
    "@esbuild/linux-s390x" "0.25.9"
    "@esbuild/linux-x64" "0.25.9"
    "@esbuild/netbsd-arm64" "0.25.9"
    "@esbuild/netbsd-x64" "0.25.9"
    "@esbuild/openbsd-arm64" "0.25.9"
    "@esbuild/openbsd-x64" "0.25.9"
    "@esbuild/openharmony-arm64" "0.25.9"
    "@esbuild/sunos-x64" "0.25.9"
    "@esbuild/win32-arm64" "0.25.9"
    "@esbuild/win32-ia32" "0.25.9"
    "@esbuild/win32-x64" "0.25.9"

fdir@^6.4.4, fdir@^6.5.0:
  version "6.5.0"
  resolved "https://registry.npmjs.org/fdir/-/fdir-6.5.0.tgz#ed2ab967a331ade62f18d077dae192684d50d350"
  integrity sha512-tIbYtZbucOs0BRGqPJkshJUYdL+SDH7dVM8gjy+ERp3WAUjLEFJE+02kanyHtwjWOnwrKYBiwAmM0p4kLJAnXg==

fill-range@^7.1.1:
  version "7.1.1"
  resolved "https://registry.npmjs.org/fill-range/-/fill-range-7.1.1.tgz#44265d3cac07e3ea7dc247516380643754a05292"
  integrity sha512-YsGpe3WHLK8ZYi4tWDg2Jy3ebRz2rXowDxnld4bkQB00cc/1Zw9AWnC0i9ztDJitivtQvaI9KaLyKrc+hBW0yg==
  dependencies:
    to-regex-range "^5.0.1"

fsevents@~2.3.2, fsevents@~2.3.3:
  version "2.3.3"
  resolved "https://registry.npmjs.org/fsevents/-/fsevents-2.3.3.tgz#cac6407785d03675a2a5e1a5305c697b347d90d6"
  integrity sha512-5xoDfX+fL7faATnagmWPpbFtwh/R77WmMMqqHGS65C3vvB0YHrgF+B1YmZ3441tMj5n63k0212XNoJwzlhffQw==

idb@^7.1.1:
  version "7.1.1"
  resolved "https://registry.npmjs.org/idb/-/idb-7.1.1.tgz#d910ded866d32c7ced9befc5bfdf36f572ced72b"
  integrity sha512-gchesWBzyvGHRO9W8tzUWFDycow5gwjvFKfyV9FF32Y7F50yZMp7mP+T2mJIWFx49zicqyC4uefHM17o6xKIVQ==

is-number@^7.0.0:
  version "7.0.0"
  resolved "https://registry.npmjs.org/is-number/-/is-number-7.0.0.tgz#7535345b896734d5f80c4d06c50955527a14f12b"
  integrity sha512-41Cifkg6e8TylSpdtTpeLVMqvSBEVzTttHvERD741+pnZ8ANv0004MRL43QKPDlK9cGvNp6NZWZUBlbGXYxxng==

micromatch@^4.0.8:
  version "4.0.8"
  resolved "https://registry.npmjs.org/micromatch/-/micromatch-4.0.8.tgz#d66fa18f3a47076789320b9b1af32bd86d9fa202"
  integrity sha512-PXwfBhYu0hBCPw8Dn0E+WDYb7af3dSLVWKi3HGv84IdF4TyFoC0ysxFd0Goxw7nSv4T/PzEJQxsYsEiFCKo2BA==
  dependencies:
    braces "^3.0.3"
    picomatch "^2.3.1"

nanoid@^3.3.11:
  version "3.3.11"
  resolved "https://registry.npmjs.org/nanoid/-/nanoid-3.3.11.tgz#4f4f112cefbe303202f2199838128936266d185b"
  integrity sha512-N8SpfPUnUp1bK+PMYW8qSWdl9U+wwNWI4QKxOYDy9JAro3WMX7p2OeVRF9v+347pnakNevPmiHhNmZ2HbFA76w==

picocolors@^1.1.1:
  version "1.1.1"
  resolved "https://registry.npmjs.org/picocolors/-/picocolors-1.1.1.tgz#3d321af3eab939b083c8f929a1d12cda81c26b6b"
  integrity sha512-xceH2snhtb5M9liqDsmEw56le376mTZkEX/jEb/RxNFyegNul7eNslCXP9FDj/Lcu0X8KEyMceP2ntpaHrDEVA==

picomatch@^2.3.1:
  version "2.3.1"
  resolved "https://registry.npmjs.org/picomatch/-/picomatch-2.3.1.tgz#3ba3833733646d9d3e4995946c1365a67fb07a42"
  integrity sha512-JU3teHTNjmE2VCGFzuY8EXzCDVwEqB2a8fsIvwaStHhAWJEeVd1o1QD80CU6+ZdEXXSLbSsuLwJjkCBWqRQUVA==

picomatch@^4.0.2, picomatch@^4.0.3:
  version "4.0.3"
  resolved "https://registry.npmjs.org/picomatch/-/picomatch-4.0.3.tgz#796c76136d1eead715db1e7bad785dedd695a042"
  integrity sha512-5gTmgEY/sqK6gFXLIsQNH19lWb4ebPDLA4SdLP7dsWkIXHWlG66oPuVvXSGFPppYZz8ZDZq0dYYrbHfBCVUb1Q==

postcss@^8.5.3:
  version "8.5.6"
  resolved "https://registry.npmjs.org/postcss/-/postcss-8.5.6.tgz#2825006615a619b4f62a9e7426cc120b349a8f3c"
  integrity sha512-3Ybi1tAuwAP9s0r1UQ2J4n5Y0G05bJkpUIO0/bI9MhwmD70S5aTWbXGBwxHrelT+XM1k6dM0pk+SwNkpTRN7Pg==
  dependencies:
    nanoid "^3.3.11"
    picocolors "^1.1.1"
    source-map-js "^1.2.1"

rollup@^4.34.9:
  version "4.50.1"
  resolved "https://registry.npmjs.org/rollup/-/rollup-4.50.1.tgz#6f0717c34aacc65cc727eeaaaccc2afc4e4485fd"
  integrity sha512-78E9voJHwnXQMiQdiqswVLZwJIzdBKJ1GdI5Zx6XwoFKUIk09/sSrr+05QFzvYb8q6Y9pPV45zzDuYa3907TZA==
  dependencies:
    "@types/estree" "1.0.8"
  optionalDependencies:
    "@rollup/rollup-android-arm-eabi" "4.50.1"
    "@rollup/rollup-android-arm64" "4.50.1"
    "@rollup/rollup-darwin-arm64" "4.50.1"
    "@rollup/rollup-darwin-x64" "4.50.1"
    "@rollup/rollup-freebsd-arm64" "4.50.1"
    "@rollup/rollup-freebsd-x64" "4.50.1"
    "@rollup/rollup-linux-arm-gnueabihf" "4.50.1"
    "@rollup/rollup-linux-arm-musleabihf" "4.50.1"
    "@rollup/rollup-linux-arm64-gnu" "4.50.1"
    "@rollup/rollup-linux-arm64-musl" "4.50.1"
    "@rollup/rollup-linux-loongarch64-gnu" "4.50.1"
    "@rollup/rollup-linux-ppc64-gnu" "4.50.1"
    "@rollup/rollup-linux-riscv64-gnu" "4.50.1"
    "@rollup/rollup-linux-riscv64-musl" "4.50.1"
    "@rollup/rollup-linux-s390x-gnu" "4.50.1"
    "@rollup/rollup-linux-x64-gnu" "4.50.1"
    "@rollup/rollup-linux-x64-musl" "4.50.1"
    "@rollup/rollup-openharmony-arm64" "4.50.1"
    "@rollup/rollup-win32-arm64-msvc" "4.50.1"
    "@rollup/rollup-win32-ia32-msvc" "4.50.1"
    "@rollup/rollup-win32-x64-msvc" "4.50.1"
    fsevents "~2.3.2"

source-map-js@^1.2.1:
  version "1.2.1"
  resolved "https://registry.npmjs.org/source-map-js/-/source-map-js-1.2.1.tgz#1ce5650fddd87abc099eda37dcff024c2667ae46"
  integrity sha512-UXWMKhLOwVKb728IUtQPXxfYU+usdybtUrK/8uGE8CQMvrhOpwvzDBwj0QhSL7MQc7vIsISBG8VQ8+IDQxpfQA==

tinyglobby@^0.2.13:
  version "0.2.15"
  resolved "https://registry.npmjs.org/tinyglobby/-/tinyglobby-0.2.15.tgz#e228dd1e638cea993d2fdb4fcd2d4602a79951c2"
  integrity sha512-j2Zq4NyQYG5XMST4cbs02Ak8iJUdxRM0XI5QyxXuZOzKOINmWurp3smXu3y5wDcJrptwpSjgXHzIQxR0omXljQ==
  dependencies:
    fdir "^6.5.0"
    picomatch "^4.0.3"

to-regex-range@^5.0.1:
  version "5.0.1"
  resolved "https://registry.npmjs.org/to-regex-range/-/to-regex-range-5.0.1.tgz#1648c44aae7c8d988a326018ed72f5b4dd0392e4"
  integrity sha512-65P7iz6X5yEr1cwcgvQxbbIw7Uk3gOy5dIdtZ4rDveLqhrdJP+Li/Hx6tyK0NEb+2GCyneCMJiGqrADCSNk8sQ==
  dependencies:
    is-number "^7.0.0"

typescript@^5.3.3:
  version "5.9.2"
  resolved "https://registry.npmjs.org/typescript/-/typescript-5.9.2.tgz#d93450cddec5154a2d5cabe3b8102b83316fb2a6"
  integrity sha512-CWBzXQrc/qOkhidw1OzBTQuYRbfyxDXJMVJ1XNwUHGROVmuaeiEm3OslpZ1RV96d7SKKjZKrSJu3+t/xlw3R9A==

vite-plugin-singlefile@^2.2.0:
  version "2.3.0"
  resolved "https://registry.npmjs.org/vite-plugin-singlefile/-/vite-plugin-singlefile-2.3.0.tgz#71f7d8f8958cc019295e159355284ca3ecca97f1"
  integrity sha512-DAcHzYypM0CasNLSz/WG0VdKOCxGHErfrjOoyIPiNxTPTGmO6rRD/te93n1YL/s+miXq66ipF1brMBikf99c6A==
  dependencies:
    micromatch "^4.0.8"

vite@^6.1.0:
  version "6.3.6"
  resolved "https://registry.npmjs.org/vite/-/vite-6.3.6.tgz#69a976b64930750d40219fbc68c5200874d315c1"
  integrity sha512-0msEVHJEScQbhkbVTb/4iHZdJ6SXp/AvxL2sjwYQFfBqleHtnCqv1J3sa9zbWz/6kW1m9Tfzn92vW+kZ1WV6QA==
  dependencies:
    esbuild "^0.25.0"
    fdir "^6.4.4"
    picomatch "^4.0.2"
    postcss "^8.5.3"
    rollup "^4.34.9"
    tinyglobby "^0.2.13"
  optionalDependencies:
    fsevents "~2.3.3"
